
Microsoft Visual Studio Solution File, Format Version 12.00
# Visual Studio Version 17
VisualStudioVersion = 17.3.32929.385
MinimumVisualStudioVersion = 10.0.40219.1
Project("{FAE04EC0-301F-11D3-BF4B-00C04F79EFBC}") = "GenericHostDi", "GenericHostDi.csproj", "{BEBCEC6D-E6BF-4A1B-9DCF-8A16AE74A79E}"
EndProject
Global
	GlobalSection(SolutionConfigurationPlatforms) = preSolution
		Debug|Any CPU = Debug|Any CPU
		Release|Any CPU = Release|Any CPU
	EndGlobalSection
	GlobalSection(ProjectConfigurationPlatforms) = postSolution
		{BEBCEC6D-E6BF-4A1B-9DCF-8A16AE74A79E}.Debug|Any CPU.ActiveCfg = Debug|Any CPU
		{BEBCEC6D-E6BF-4A1B-9DCF-8A16AE74A79E}.Debug|Any CPU.Build.0 = Debug|Any CPU
		{BEBCEC6D-E6BF-4A1B-9DCF-8A16AE74A79E}.Release|Any CPU.ActiveCfg = Release|Any CPU
		{BEBCEC6D-E6BF-4A1B-9DCF-8A16AE74A79E}.Release|Any CPU.Build.0 = Release|Any CPU
	EndGlobalSection
	GlobalSection(SolutionProperties) = preSolution
		HideSolutionNode = FALSE
	EndGlobalSection
	GlobalSection(ExtensibilityGlobals) = postSolution
		SolutionGuid = {6E9420A0-E612-4BA6-AE31-42FCD9E34EDE}
	EndGlobalSection
EndGlobal
